
Microsoft Visual Studio Solution File, Format Version 12.00
# Visual Studio Version 17
VisualStudioVersion = 17.11.35303.130
MinimumVisualStudioVersion = 10.0.40219.1
Project("{FAE04EC0-301F-11D3-BF4B-00C04F79EFBC}") = "LiftDemo_A", "LiftDemo_A\LiftDemo_A.csproj", "{369B0FAC-1FE1-4B6D-AB79-A3C26F0C825E}"
EndProject
Global
	GlobalSection(SolutionConfigurationPlatforms) = preSolution
		Debug|Any CPU = Debug|Any CPU
		Release|Any CPU = Release|Any CPU
	EndGlobalSection
	GlobalSection(ProjectConfigurationPlatforms) = postSolution
		{369B0FAC-1FE1-4B6D-AB79-A3C26F0C825E}.Debug|Any CPU.ActiveCfg = Debug|Any CPU
		{369B0FAC-1FE1-4B6D-AB79-A3C26F0C825E}.Debug|Any CPU.Build.0 = Debug|Any CPU
		{369B0FAC-1FE1-4B6D-AB79-A3C26F0C825E}.Release|Any CPU.ActiveCfg = Release|Any CPU
		{369B0FAC-1FE1-4B6D-AB79-A3C26F0C825E}.Release|Any CPU.Build.0 = Release|Any CPU
	EndGlobalSection
	GlobalSection(SolutionProperties) = preSolution
		HideSolutionNode = FALSE
	EndGlobalSection
	GlobalSection(ExtensibilityGlobals) = postSolution
		SolutionGuid = {CC49F6FD-1492-4E4D-8691-B4CD210DA0DD}
	EndGlobalSection
EndGlobal
